
Microsoft Visual Studio Solution File, Format Version 12.00
# Visual Studio Version 17
VisualStudioVersion = 17.4.33213.308
MinimumVisualStudioVersion = 10.0.40219.1
Project("{9A19103F-16F7-4668-BE54-9A1E7A4F7556}") = "AlphaMarket", "AlphaMarket\AlphaMarket.csproj", "{A1844C86-2D65-4483-B3E0-FDB0CFE8BAA6}"
EndProject
Project("{9A19103F-16F7-4668-BE54-9A1E7A4F7556}") = "AlphaServer", "AlphaServer\AlphaServer.csproj", "{C2070EC9-E080-45B0-AB31-2B5D542EE690}"
EndProject
Global
	GlobalSection(SolutionConfigurationPlatforms) = preSolution
		Debug|Any CPU = Debug|Any CPU
		Release|Any CPU = Release|Any CPU
	EndGlobalSection
	GlobalSection(ProjectConfigurationPlatforms) = postSolution
		{A1844C86-2D65-4483-B3E0-FDB0CFE8BAA6}.Debug|Any CPU.ActiveCfg = Debug|Any CPU
		{A1844C86-2D65-4483-B3E0-FDB0CFE8BAA6}.Debug|Any CPU.Build.0 = Debug|Any CPU
		{A1844C86-2D65-4483-B3E0-FDB0CFE8BAA6}.Release|Any CPU.ActiveCfg = Release|Any CPU
		{A1844C86-2D65-4483-B3E0-FDB0CFE8BAA6}.Release|Any CPU.Build.0 = Release|Any CPU
		{C2070EC9-E080-45B0-AB31-2B5D542EE690}.Debug|Any CPU.ActiveCfg = Debug|Any CPU
		{C2070EC9-E080-45B0-AB31-2B5D542EE690}.Debug|Any CPU.Build.0 = Debug|Any CPU
		{C2070EC9-E080-45B0-AB31-2B5D542EE690}.Release|Any CPU.ActiveCfg = Release|Any CPU
		{C2070EC9-E080-45B0-AB31-2B5D542EE690}.Release|Any CPU.Build.0 = Release|Any CPU
	EndGlobalSection
	GlobalSection(SolutionProperties) = preSolution
		HideSolutionNode = FALSE
	EndGlobalSection
	GlobalSection(ExtensibilityGlobals) = postSolution
		SolutionGuid = {0CBE9FDF-735D-4148-BD7E-4D875F1ECB59}
	EndGlobalSection
EndGlobal
